
Microsoft Visual Studio Solution File, Format Version 12.00
# Visual Studio Version 16
VisualStudioVersion = 16.0.29209.62
MinimumVisualStudioVersion = 10.0.40219.1
Project("{FAE04EC0-301F-11D3-BF4B-00C04F79EFBC}") = "Program_kap1.4", "Program_kap1\Program_kap1.4.csproj", "{CC1C09BC-5D41-42F3-A0B2-0BA1D5AAA0C6}"
EndProject
Project("{FAE04EC0-301F-11D3-BF4B-00C04F79EFBC}") = "ovning1_3", "ovning1_3\ovning1_3.csproj", "{F439AE27-13D8-4498-A9DD-28980A354AC2}"
EndProject
Project("{FAE04EC0-301F-11D3-BF4B-00C04F79EFBC}") = "Classer", "Classer\Classer.csproj", "{508BDE9D-580F-4A7A-956F-D5F8832B94D5}"
EndProject
Project("{FAE04EC0-301F-11D3-BF4B-00C04F79EFBC}") = "Resebokning", "Resebokning\Resebokning.csproj", "{2B44FE9B-59BE-44B7-B3C5-729405211A12}"
EndProject
Project("{FAE04EC0-301F-11D3-BF4B-00C04F79EFBC}") = "Skyttetavling", "Skyttetavling\Skyttetavling.csproj", "{78F316F1-C69D-4DC6-B282-E34DEB50F527}"
EndProject
Project("{FAE04EC0-301F-11D3-BF4B-00C04F79EFBC}") = "loplogg", "loplogg\loplogg.csproj", "{1A7B615A-9DD6-42FD-90F3-6590C72EAD10}"
EndProject
Project("{FAE04EC0-301F-11D3-BF4B-00C04F79EFBC}") = "Styrketraning", "Styrketraning\Styrketraning.csproj", "{F110A5FB-40A5-498D-8166-045032A0ADEE}"
EndProject
Project("{FAE04EC0-301F-11D3-BF4B-00C04F79EFBC}") = "Tidrapportering", "Tidrapportering\Tidrapportering.csproj", "{7CAFF11D-5BAB-436E-A1EB-1EC8019064FE}"
EndProject
Global
	GlobalSection(SolutionConfigurationPlatforms) = preSolution
		Debug|Any CPU = Debug|Any CPU
		Release|Any CPU = Release|Any CPU
	EndGlobalSection
	GlobalSection(ProjectConfigurationPlatforms) = postSolution
		{CC1C09BC-5D41-42F3-A0B2-0BA1D5AAA0C6}.Debug|Any CPU.ActiveCfg = Debug|Any CPU
		{CC1C09BC-5D41-42F3-A0B2-0BA1D5AAA0C6}.Debug|Any CPU.Build.0 = Debug|Any CPU
		{CC1C09BC-5D41-42F3-A0B2-0BA1D5AAA0C6}.Release|Any CPU.ActiveCfg = Release|Any CPU
		{CC1C09BC-5D41-42F3-A0B2-0BA1D5AAA0C6}.Release|Any CPU.Build.0 = Release|Any CPU
		{F439AE27-13D8-4498-A9DD-28980A354AC2}.Debug|Any CPU.ActiveCfg = Debug|Any CPU
		{F439AE27-13D8-4498-A9DD-28980A354AC2}.Debug|Any CPU.Build.0 = Debug|Any CPU
		{F439AE27-13D8-4498-A9DD-28980A354AC2}.Release|Any CPU.ActiveCfg = Release|Any CPU
		{F439AE27-13D8-4498-A9DD-28980A354AC2}.Release|Any CPU.Build.0 = Release|Any CPU
		{508BDE9D-580F-4A7A-956F-D5F8832B94D5}.Debug|Any CPU.ActiveCfg = Debug|Any CPU
		{508BDE9D-580F-4A7A-956F-D5F8832B94D5}.Debug|Any CPU.Build.0 = Debug|Any CPU
		{508BDE9D-580F-4A7A-956F-D5F8832B94D5}.Release|Any CPU.ActiveCfg = Release|Any CPU
		{508BDE9D-580F-4A7A-956F-D5F8832B94D5}.Release|Any CPU.Build.0 = Release|Any CPU
		{2B44FE9B-59BE-44B7-B3C5-729405211A12}.Debug|Any CPU.ActiveCfg = Debug|Any CPU
		{2B44FE9B-59BE-44B7-B3C5-729405211A12}.Debug|Any CPU.Build.0 = Debug|Any CPU
		{2B44FE9B-59BE-44B7-B3C5-729405211A12}.Release|Any CPU.ActiveCfg = Release|Any CPU
		{2B44FE9B-59BE-44B7-B3C5-729405211A12}.Release|Any CPU.Build.0 = Release|Any CPU
		{78F316F1-C69D-4DC6-B282-E34DEB50F527}.Debug|Any CPU.ActiveCfg = Debug|Any CPU
		{78F316F1-C69D-4DC6-B282-E34DEB50F527}.Debug|Any CPU.Build.0 = Debug|Any CPU
		{78F316F1-C69D-4DC6-B282-E34DEB50F527}.Release|Any CPU.ActiveCfg = Release|Any CPU
		{78F316F1-C69D-4DC6-B282-E34DEB50F527}.Release|Any CPU.Build.0 = Release|Any CPU
		{1A7B615A-9DD6-42FD-90F3-6590C72EAD10}.Debug|Any CPU.ActiveCfg = Debug|Any CPU
		{1A7B615A-9DD6-42FD-90F3-6590C72EAD10}.Debug|Any CPU.Build.0 = Debug|Any CPU
		{1A7B615A-9DD6-42FD-90F3-6590C72EAD10}.Release|Any CPU.ActiveCfg = Release|Any CPU
		{1A7B615A-9DD6-42FD-90F3-6590C72EAD10}.Release|Any CPU.Build.0 = Release|Any CPU
		{F110A5FB-40A5-498D-8166-045032A0ADEE}.Debug|Any CPU.ActiveCfg = Debug|Any CPU
		{F110A5FB-40A5-498D-8166-045032A0ADEE}.Debug|Any CPU.Build.0 = Debug|Any CPU
		{F110A5FB-40A5-498D-8166-045032A0ADEE}.Release|Any CPU.ActiveCfg = Release|Any CPU
		{F110A5FB-40A5-498D-8166-045032A0ADEE}.Release|Any CPU.Build.0 = Release|Any CPU
		{7CAFF11D-5BAB-436E-A1EB-1EC8019064FE}.Debug|Any CPU.ActiveCfg = Debug|Any CPU
		{7CAFF11D-5BAB-436E-A1EB-1EC8019064FE}.Debug|Any CPU.Build.0 = Debug|Any CPU
		{7CAFF11D-5BAB-436E-A1EB-1EC8019064FE}.Release|Any CPU.ActiveCfg = Release|Any CPU
		{7CAFF11D-5BAB-436E-A1EB-1EC8019064FE}.Release|Any CPU.Build.0 = Release|Any CPU
	EndGlobalSection
	GlobalSection(SolutionProperties) = preSolution
		HideSolutionNode = FALSE
	EndGlobalSection
	GlobalSection(ExtensibilityGlobals) = postSolution
		SolutionGuid = {EF01EC69-9C40-4992-A50E-97D80EFCFB95}
	EndGlobalSection
EndGlobal
