
Microsoft Visual Studio Solution File, Format Version 12.00
# Visual Studio Version 16
VisualStudioVersion = 16.0.29209.62
MinimumVisualStudioVersion = 10.0.40219.1
Project("{FAE04EC0-301F-11D3-BF4B-00C04F79EFBC}") = "Program_kap1.4", "Program_kap1\Program_kap1.4.csproj", "{CC1C09BC-5D41-42F3-A0B2-0BA1D5AAA0C6}"
EndProject
Project("{FAE04EC0-301F-11D3-BF4B-00C04F79EFBC}") = "ovning1_3", "ovning1_3\ovning1_3.csproj", "{F439AE27-13D8-4498-A9DD-28980A354AC2}"
EndProject
Project("{FAE04EC0-301F-11D3-BF4B-00C04F79EFBC}") = "Classer", "Classer\Classer.csproj", "{508BDE9D-580F-4A7A-956F-D5F8832B94D5}"
EndProject
Project("{FAE04EC0-301F-11D3-BF4B-00C04F79EFBC}") = "Resebokning", "Resebokning\Resebokning.csproj", "{2B44FE9B-59BE-44B7-B3C5-729405211A12}"
EndProject
Project("{FAE04EC0-301F-11D3-BF4B-00C04F79EFBC}") = "Skyttetavling", "Skyttetavling\Skyttetavling.csproj", "{78F316F1-C69D-4DC6-B282-E34DEB50F527}"
EndProject
Project("{FAE04EC0-301F-11D3-BF4B-00C04F79EFBC}") = "loplogg", "loplogg\loplogg.csproj", "{1A7B615A-9DD6-42FD-90F3-6590C72EAD10}"
EndProject
Project("{FAE04EC0-301F-11D3-BF4B-00C04F79EFBC}") = "Styrketraning", "Styrketraning\Styrketraning.csproj", "{F110A5FB-40A5-498D-8166-045032A0ADEE}"
EndProject
Project("{FAE04EC0-301F-11D3-BF4B-00C04F79EFBC}") = "Tidrapportering", "Tidrapportering\Tidrapportering.csproj", "{7CAFF11D-5BAB-436E-A1EB-1EC8019064FE}"
EndProject
Project("{FAE04EC0-301F-11D3-BF4B-00C04F79EFBC}") = "Bilregister", "Bilregister\Bilregister.csproj", "{842ED34E-F6E9-477D-986C-71B2C8B8D8FC}"
EndProject
Project("{FAE04EC0-301F-11D3-BF4B-00C04F79EFBC}") = "RegisterProgram", "RegisterProgram\RegisterProgram.csproj", "{41CBE21A-04D4-4929-A3BC-3CC1BF84E18D}"
EndProject
Project("{FAE04EC0-301F-11D3-BF4B-00C04F79EFBC}") = "JobbLista1", "JobbLista1\JobbLista1.csproj", "{376A9FA4-74C8-48DA-A60E-BF4AA3776FA1}"
EndProject
Project("{FAE04EC0-301F-11D3-BF4B-00C04F79EFBC}") = "Banken", "Banken\Banken.csproj", "{EA8E0CF3-6D11-4F38-8426-A8545AA2EBE4}"
EndProject
Project("{FAE04EC0-301F-11D3-BF4B-00C04F79EFBC}") = "ovning3_1", "ovning3_1\ovning3_1.csproj", "{ECF513CD-DFAF-4E25-8D86-A5FB44393441}"
EndProject
Project("{FAE04EC0-301F-11D3-BF4B-00C04F79EFBC}") = "ovning3_3", "ovning3_3\ovning3_3.csproj", "{94E3A35F-B928-4F27-B803-8846717162D7}"
EndProject
Global
	GlobalSection(SolutionConfigurationPlatforms) = preSolution
		Debug|Any CPU = Debug|Any CPU
		Release|Any CPU = Release|Any CPU
	EndGlobalSection
	GlobalSection(ProjectConfigurationPlatforms) = postSolution
		{CC1C09BC-5D41-42F3-A0B2-0BA1D5AAA0C6}.Debug|Any CPU.ActiveCfg = Debug|Any CPU
		{CC1C09BC-5D41-42F3-A0B2-0BA1D5AAA0C6}.Debug|Any CPU.Build.0 = Debug|Any CPU
		{CC1C09BC-5D41-42F3-A0B2-0BA1D5AAA0C6}.Release|Any CPU.ActiveCfg = Release|Any CPU
		{CC1C09BC-5D41-42F3-A0B2-0BA1D5AAA0C6}.Release|Any CPU.Build.0 = Release|Any CPU
		{F439AE27-13D8-4498-A9DD-28980A354AC2}.Debug|Any CPU.ActiveCfg = Debug|Any CPU
		{F439AE27-13D8-4498-A9DD-28980A354AC2}.Debug|Any CPU.Build.0 = Debug|Any CPU
		{F439AE27-13D8-4498-A9DD-28980A354AC2}.Release|Any CPU.ActiveCfg = Release|Any CPU
		{F439AE27-13D8-4498-A9DD-28980A354AC2}.Release|Any CPU.Build.0 = Release|Any CPU
		{508BDE9D-580F-4A7A-956F-D5F8832B94D5}.Debug|Any CPU.ActiveCfg = Debug|Any CPU
		{508BDE9D-580F-4A7A-956F-D5F8832B94D5}.Debug|Any CPU.Build.0 = Debug|Any CPU
		{508BDE9D-580F-4A7A-956F-D5F8832B94D5}.Release|Any CPU.ActiveCfg = Release|Any CPU
		{508BDE9D-580F-4A7A-956F-D5F8832B94D5}.Release|Any CPU.Build.0 = Release|Any CPU
		{2B44FE9B-59BE-44B7-B3C5-729405211A12}.Debug|Any CPU.ActiveCfg = Debug|Any CPU
		{2B44FE9B-59BE-44B7-B3C5-729405211A12}.Debug|Any CPU.Build.0 = Debug|Any CPU
		{2B44FE9B-59BE-44B7-B3C5-729405211A12}.Release|Any CPU.ActiveCfg = Release|Any CPU
		{2B44FE9B-59BE-44B7-B3C5-729405211A12}.Release|Any CPU.Build.0 = Release|Any CPU
		{78F316F1-C69D-4DC6-B282-E34DEB50F527}.Debug|Any CPU.ActiveCfg = Debug|Any CPU
		{78F316F1-C69D-4DC6-B282-E34DEB50F527}.Debug|Any CPU.Build.0 = Debug|Any CPU
		{78F316F1-C69D-4DC6-B282-E34DEB50F527}.Release|Any CPU.ActiveCfg = Release|Any CPU
		{78F316F1-C69D-4DC6-B282-E34DEB50F527}.Release|Any CPU.Build.0 = Release|Any CPU
		{1A7B615A-9DD6-42FD-90F3-6590C72EAD10}.Debug|Any CPU.ActiveCfg = Debug|Any CPU
		{1A7B615A-9DD6-42FD-90F3-6590C72EAD10}.Debug|Any CPU.Build.0 = Debug|Any CPU
		{1A7B615A-9DD6-42FD-90F3-6590C72EAD10}.Release|Any CPU.ActiveCfg = Release|Any CPU
		{1A7B615A-9DD6-42FD-90F3-6590C72EAD10}.Release|Any CPU.Build.0 = Release|Any CPU
		{F110A5FB-40A5-498D-8166-045032A0ADEE}.Debug|Any CPU.ActiveCfg = Debug|Any CPU
		{F110A5FB-40A5-498D-8166-045032A0ADEE}.Debug|Any CPU.Build.0 = Debug|Any CPU
		{F110A5FB-40A5-498D-8166-045032A0ADEE}.Release|Any CPU.ActiveCfg = Release|Any CPU
		{F110A5FB-40A5-498D-8166-045032A0ADEE}.Release|Any CPU.Build.0 = Release|Any CPU
		{7CAFF11D-5BAB-436E-A1EB-1EC8019064FE}.Debug|Any CPU.ActiveCfg = Debug|Any CPU
		{7CAFF11D-5BAB-436E-A1EB-1EC8019064FE}.Debug|Any CPU.Build.0 = Debug|Any CPU
		{7CAFF11D-5BAB-436E-A1EB-1EC8019064FE}.Release|Any CPU.ActiveCfg = Release|Any CPU
		{7CAFF11D-5BAB-436E-A1EB-1EC8019064FE}.Release|Any CPU.Build.0 = Release|Any CPU
		{842ED34E-F6E9-477D-986C-71B2C8B8D8FC}.Debug|Any CPU.ActiveCfg = Debug|Any CPU
		{842ED34E-F6E9-477D-986C-71B2C8B8D8FC}.Debug|Any CPU.Build.0 = Debug|Any CPU
		{842ED34E-F6E9-477D-986C-71B2C8B8D8FC}.Release|Any CPU.ActiveCfg = Release|Any CPU
		{842ED34E-F6E9-477D-986C-71B2C8B8D8FC}.Release|Any CPU.Build.0 = Release|Any CPU
		{41CBE21A-04D4-4929-A3BC-3CC1BF84E18D}.Debug|Any CPU.ActiveCfg = Debug|Any CPU
		{41CBE21A-04D4-4929-A3BC-3CC1BF84E18D}.Debug|Any CPU.Build.0 = Debug|Any CPU
		{41CBE21A-04D4-4929-A3BC-3CC1BF84E18D}.Release|Any CPU.ActiveCfg = Release|Any CPU
		{41CBE21A-04D4-4929-A3BC-3CC1BF84E18D}.Release|Any CPU.Build.0 = Release|Any CPU
		{376A9FA4-74C8-48DA-A60E-BF4AA3776FA1}.Debug|Any CPU.ActiveCfg = Debug|Any CPU
		{376A9FA4-74C8-48DA-A60E-BF4AA3776FA1}.Debug|Any CPU.Build.0 = Debug|Any CPU
		{376A9FA4-74C8-48DA-A60E-BF4AA3776FA1}.Release|Any CPU.ActiveCfg = Release|Any CPU
		{376A9FA4-74C8-48DA-A60E-BF4AA3776FA1}.Release|Any CPU.Build.0 = Release|Any CPU
		{EA8E0CF3-6D11-4F38-8426-A8545AA2EBE4}.Debug|Any CPU.ActiveCfg = Debug|Any CPU
		{EA8E0CF3-6D11-4F38-8426-A8545AA2EBE4}.Debug|Any CPU.Build.0 = Debug|Any CPU
		{EA8E0CF3-6D11-4F38-8426-A8545AA2EBE4}.Release|Any CPU.ActiveCfg = Release|Any CPU
		{EA8E0CF3-6D11-4F38-8426-A8545AA2EBE4}.Release|Any CPU.Build.0 = Release|Any CPU
		{ECF513CD-DFAF-4E25-8D86-A5FB44393441}.Debug|Any CPU.ActiveCfg = Debug|Any CPU
		{ECF513CD-DFAF-4E25-8D86-A5FB44393441}.Debug|Any CPU.Build.0 = Debug|Any CPU
		{ECF513CD-DFAF-4E25-8D86-A5FB44393441}.Release|Any CPU.ActiveCfg = Release|Any CPU
		{ECF513CD-DFAF-4E25-8D86-A5FB44393441}.Release|Any CPU.Build.0 = Release|Any CPU
		{94E3A35F-B928-4F27-B803-8846717162D7}.Debug|Any CPU.ActiveCfg = Debug|Any CPU
		{94E3A35F-B928-4F27-B803-8846717162D7}.Debug|Any CPU.Build.0 = Debug|Any CPU
		{94E3A35F-B928-4F27-B803-8846717162D7}.Release|Any CPU.ActiveCfg = Release|Any CPU
		{94E3A35F-B928-4F27-B803-8846717162D7}.Release|Any CPU.Build.0 = Release|Any CPU
	EndGlobalSection
	GlobalSection(SolutionProperties) = preSolution
		HideSolutionNode = FALSE
	EndGlobalSection
	GlobalSection(ExtensibilityGlobals) = postSolution
		SolutionGuid = {EF01EC69-9C40-4992-A50E-97D80EFCFB95}
	EndGlobalSection
EndGlobal
